
Microsoft Visual Studio Solution File, Format Version 12.00
# Visual Studio Version 16
VisualStudioVersion = 16.0.32228.343
MinimumVisualStudioVersion = 10.0.40219.1
Project("{8BC9CEB8-8B4A-11D0-8D11-00A0C91BC942}") = "lv_demo_hub", "lv_demo_hub.vcxproj", "{C9DA9B94-5F42-4A5D-A05F-D2B05517CFB7}"
EndProject
Global
	GlobalSection(SolutionConfigurationPlatforms) = preSolution
		Debug|x64 = Debug|x64
		Release|x64 = Release|x64
	EndGlobalSection
	GlobalSection(ProjectConfigurationPlatforms) = postSolution
		{C9DA9B94-5F42-4A5D-A05F-D2B05517CFB7}.Debug|x64.ActiveCfg = Debug|x64
		{C9DA9B94-5F42-4A5D-A05F-D2B05517CFB7}.Debug|x64.Build.0 = Debug|x64
		{C9DA9B94-5F42-4A5D-A05F-D2B05517CFB7}.Release|x64.ActiveCfg = Release|x64
		{C9DA9B94-5F42-4A5D-A05F-D2B05517CFB7}.Release|x64.Build.0 = Release|x64
	EndGlobalSection
	GlobalSection(SolutionProperties) = preSolution
		HideSolutionNode = FALSE
	EndGlobalSection
	GlobalSection(ExtensibilityGlobals) = postSolution
		SolutionGuid = {BD37A36A-74C0-48AF-A07E-E8464DBA35C2}
	EndGlobalSection
EndGlobal
